
Microsoft Visual Studio Solution File, Format Version 12.00
# Visual Studio Version 16
VisualStudioVersion = 16.0.30611.23
MinimumVisualStudioVersion = 10.0.40219.1
Project("{FAE04EC0-301F-11D3-BF4B-00C04F79EFBC}") = "AspCrud", "AspCrud\AspCrud.csproj", "{B4CA3FC6-A0A6-44C4-BF18-ABB0F4CEA417}"
EndProject
Global
	GlobalSection(SolutionConfigurationPlatforms) = preSolution
		Debug|Any CPU = Debug|Any CPU
		Release|Any CPU = Release|Any CPU
	EndGlobalSection
	GlobalSection(ProjectConfigurationPlatforms) = postSolution
		{B4CA3FC6-A0A6-44C4-BF18-ABB0F4CEA417}.Debug|Any CPU.ActiveCfg = Debug|Any CPU
		{B4CA3FC6-A0A6-44C4-BF18-ABB0F4CEA417}.Debug|Any CPU.Build.0 = Debug|Any CPU
		{B4CA3FC6-A0A6-44C4-BF18-ABB0F4CEA417}.Release|Any CPU.ActiveCfg = Release|Any CPU
		{B4CA3FC6-A0A6-44C4-BF18-ABB0F4CEA417}.Release|Any CPU.Build.0 = Release|Any CPU
	EndGlobalSection
	GlobalSection(SolutionProperties) = preSolution
		HideSolutionNode = FALSE
	EndGlobalSection
	GlobalSection(ExtensibilityGlobals) = postSolution
		SolutionGuid = {E9E10988-7E46-4008-8A46-7B21B9DF2834}
	EndGlobalSection
EndGlobal
